
Microsoft Visual Studio Solution File, Format Version 11.00
# Visual Studio 2010
Project("{FAE04EC0-301F-11D3-BF4B-00C04F79EFBC}") = "Commands", "Commands\Commands.csproj", "{221EFD68-2370-4680-ABC4-0E3D85B34859}"
EndProject
Project("{FAE04EC0-301F-11D3-BF4B-00C04F79EFBC}") = "CommandTests", "CommandTests\CommandTests.csproj", "{65CC22F7-999F-4065-8F32-16BF456902C2}"
EndProject
Project("{2150E333-8FDC-42A3-9474-1A3956D46DE8}") = "Solution Items", "Solution Items", "{F32C2DF6-64EC-4CC6-BE22-BB5870495423}"
	ProjectSection(SolutionItems) = preProject
		CommandSolution.vsmdi = CommandSolution.vsmdi
		Local.testsettings = Local.testsettings
		TraceAndTestImpact.testsettings = TraceAndTestImpact.testsettings
	EndProjectSection
EndProject
Global
	GlobalSection(TestCaseManagementSettings) = postSolution
		CategoryFile = CommandSolution.vsmdi
	EndGlobalSection
	GlobalSection(SolutionConfigurationPlatforms) = preSolution
		Debug|Any CPU = Debug|Any CPU
		Release|Any CPU = Release|Any CPU
	EndGlobalSection
	GlobalSection(ProjectConfigurationPlatforms) = postSolution
		{221EFD68-2370-4680-ABC4-0E3D85B34859}.Debug|Any CPU.ActiveCfg = Debug|Any CPU
		{221EFD68-2370-4680-ABC4-0E3D85B34859}.Debug|Any CPU.Build.0 = Debug|Any CPU
		{221EFD68-2370-4680-ABC4-0E3D85B34859}.Release|Any CPU.ActiveCfg = Release|Any CPU
		{221EFD68-2370-4680-ABC4-0E3D85B34859}.Release|Any CPU.Build.0 = Release|Any CPU
		{65CC22F7-999F-4065-8F32-16BF456902C2}.Debug|Any CPU.ActiveCfg = Debug|Any CPU
		{65CC22F7-999F-4065-8F32-16BF456902C2}.Debug|Any CPU.Build.0 = Debug|Any CPU
		{65CC22F7-999F-4065-8F32-16BF456902C2}.Release|Any CPU.ActiveCfg = Release|Any CPU
		{65CC22F7-999F-4065-8F32-16BF456902C2}.Release|Any CPU.Build.0 = Release|Any CPU
	EndGlobalSection
	GlobalSection(SolutionProperties) = preSolution
		HideSolutionNode = FALSE
	EndGlobalSection
EndGlobal
